PODS:
  - AFNetworking (2.3.1):
    - AFNetworking/NSURLConnection
    - AFNetworking/NSURLSession
    - AFNetworking/Reachability
    - AFNetworking/Security
    - AFNetworking/Serialization
    - AFNetworking/UIKit
  - AFNetworking/NSURLConnection (2.3.1):
    - AFNetworking/Reachability
    - AFNetworking/Security
    - AFNetworking/Serialization
  - AFNetworking/NSURLSession (2.3.1):
    - AFNetworking/Reachability
    - AFNetworking/Security
    - AFNetworking/Serialization
  - AFNetworking/Reachability (2.3.1)
  - AFNetworking/Security (2.3.1)
  - AFNetworking/Serialization (2.3.1)
  - AFNetworking/UIKit (2.3.1):
    - AFNetworking/NSURLConnection
    - AFNetworking/NSURLSession
  - DateTools (1.3.0)
  - MagicalRecord (2.2):
    - MagicalRecord/Core
  - MagicalRecord/Core (2.2)
  - SVProgressHUD (1.0)
  - TDBadgedCell (2.6)

DEPENDENCIES:
  - AFNetworking
  - DateTools
  - MagicalRecord
  - SVProgressHUD
  - TDBadgedCell

SPEC CHECKSUMS:
  AFNetworking: 6d7b76aa5d04c8c37daad3eef4b7e3f2a7620da3
  DateTools: aa3131160337433a152c0228a2a1be2ff4ed3e05
  MagicalRecord: 2b471584fc9e3137f3d0a56967917baa4979e224
  SVProgressHUD: 5034c6e22b8c2ca3e09402e48d41ed0340aa1c50
  TDBadgedCell: e683b5557d12ea4e28a8d6ac20b6e394abc2c1fe

COCOAPODS: 0.33.1
