// !$*UTF8*$!
{
	archiveVersion = 1;
	classes = {
	};
	objectVersion = 46;
	objects = {

/* Begin PBXBuildFile section */
		BBEB442F197F88B300B021EC /* Foundation.framework in Frameworks */ = {isa = PBXBuildFile; fileRef = BBEB442E197F88B300B021EC /* Foundation.framework */; };
		BBEB4431197F88B300B021EC /* CoreGraphics.framework in Frameworks */ = {isa = PBXBuildFile; fileRef = BBEB4430197F88B300B021EC /* CoreGraphics.framework */; };
		BBEB4433197F88B300B021EC /* UIKit.framework in Frameworks */ = {isa = PBXBuildFile; fileRef = BBEB4432197F88B300B021EC /* UIKit.framework */; };
		BBEB4439197F88B300B021EC /* InfoPlist.strings in Resources */ = {isa = PBXBuildFile; fileRef = BBEB4437197F88B300B021EC /* InfoPlist.strings */; };
		BBEB443B197F88B300B021EC /* main.m in Sources */ = {isa = PBXBuildFile; fileRef = BBEB443A197F88B300B021EC /* main.m */; };
		BBEB443F197F88B300B021EC /* TGAppDelegate.m in Sources */ = {isa = PBXBuildFile; fileRef = BBEB443E197F88B300B021EC /* TGAppDelegate.m */; };
		BBEB4442197F88B300B021EC /* Main.storyboard in Resources */ = {isa = PBXBuildFile; fileRef = BBEB4440197F88B300B021EC /* Main.storyboard */; };
		BBEB4445197F88B300B021EC /* TGViewController.m in Sources */ = {isa = PBXBuildFile; fileRef = BBEB4444197F88B300B021EC /* TGViewController.m */; };
		BBEB4447197F88B300B021EC /* Images.xcassets in Resources */ = {isa = PBXBuildFile; fileRef = BBEB4446197F88B300B021EC /* Images.xcassets */; };
		BBEB444E197F88B400B021EC /* XCTest.framework in Frameworks */ = {isa = PBXBuildFile; fileRef = BBEB444D197F88B400B021EC /* XCTest.framework */; };
		BBEB444F197F88B400B021EC /* Foundation.framework in Frameworks */ = {isa = PBXBuildFile; fileRef = BBEB442E197F88B300B021EC /* Foundation.framework */; };
		BBEB4450197F88B400B021EC /* UIKit.framework in Frameworks */ = {isa = PBXBuildFile; fileRef = BBEB4432197F88B300B021EC /* UIKit.framework */; };
		BBEB4458197F88B400B021EC /* InfoPlist.strings in Resources */ = {isa = PBXBuildFile; fileRef = BBEB4456197F88B400B021EC /* InfoPlist.strings */; };
		BBEB445A197F88B400B021EC /* SampleCoreDataAppTests.m in Sources */ = {isa = PBXBuildFile; fileRef = BBEB4459197F88B400B021EC /* SampleCoreDataAppTests.m */; };
/* End PBXBuildFile section */

/* Begin PBXContainerItemProxy section */
		BBEB4451197F88B400B021EC /* PBXContainerItemProxy */ = {
			isa = PBXContainerItemProxy;
			containerPortal = BBEB4423197F88B300B021EC /* Project object */;
			proxyType = 1;
			remoteGlobalIDString = BBEB442A197F88B300B021EC;
			remoteInfo = SampleCoreDataApp;
		};
/* End PBXContainerItemProxy section */

/* Begin PBXFileReference section */
		BBEB442B197F88B300B021EC /* SampleCoreDataApp.app */ = {isa = PBXFileReference; explicitFileType = wrapper.application; includeInIndex = 0; path = SampleCoreDataApp.app; sourceTree = BUILT_PRODUCTS_DIR; };
		BBEB442E197F88B300B021EC /* Foundation.framework */ = {isa = PBXFileReference; lastKnownFileType = wrapper.framework; name = Foundation.framework; path = System/Library/Frameworks/Foundation.framework; sourceTree = SDKROOT; };
		BBEB4430197F88B300B021EC /* CoreGraphics.framework */ = {isa = PBXFileReference; lastKnownFileType = wrapper.framework; name = CoreGraphics.framework; path = System/Library/Frameworks/CoreGraphics.framework; sourceTree = SDKROOT; };
		BBEB4432197F88B300B021EC /* UIKit.framework */ = {isa = PBXFileReference; lastKnownFileType = wrapper.framework; name = UIKit.framework; path = System/Library/Frameworks/UIKit.framework; sourceTree = SDKROOT; };
		BBEB4436197F88B300B021EC /* SampleCoreDataApp-Info.plist */ = {isa = PBXFileReference; lastKnownFileType = text.plist.xml; path = "SampleCoreDataApp-Info.plist"; sourceTree = "<group>"; };
		BBEB4438197F88B300B021EC /* en */ = {isa = PBXFileReference; lastKnownFileType = text.plist.strings; name = en; path = en.lproj/InfoPlist.strings; sourceTree = "<group>"; };
		BBEB443A197F88B300B021EC /* main.m */ = {isa = PBXFileReference; lastKnownFileType = sourcecode.c.objc; path = main.m; sourceTree = "<group>"; };
		BBEB443C197F88B300B021EC /* SampleCoreDataApp-Prefix.pch */ = {isa = PBXFileReference; lastKnownFileType = sourcecode.c.h; path = "SampleCoreDataApp-Prefix.pch"; sourceTree = "<group>"; };
		BBEB443D197F88B300B021EC /* TGAppDelegate.h */ = {isa = PBXFileReference; lastKnownFileType = sourcecode.c.h; path = TGAppDelegate.h; sourceTree = "<group>"; };
		BBEB443E197F88B300B021EC /* TGAppDelegate.m */ = {isa = PBXFileReference; lastKnownFileType = sourcecode.c.objc; path = TGAppDelegate.m; sourceTree = "<group>"; };
		BBEB4441197F88B300B021EC /* Base */ = {isa = PBXFileReference; lastKnownFileType = file.storyboard; name = Base; path = Base.lproj/Main.storyboard; sourceTree = "<group>"; };
		BBEB4443197F88B300B021EC /* TGViewController.h */ = {isa = PBXFileReference; lastKnownFileType = sourcecode.c.h; path = TGViewController.h; sourceTree = "<group>"; };
		BBEB4444197F88B300B021EC /* TGViewController.m */ = {isa = PBXFileReference; lastKnownFileType = sourcecode.c.objc; path = TGViewController.m; sourceTree = "<group>"; };
		BBEB4446197F88B300B021EC /* Images.xcassets */ = {isa = PBXFileReference; lastKnownFileType = folder.assetcatalog; path = Images.xcassets; sourceTree = "<group>"; };
		BBEB444C197F88B400B021EC /* SampleCoreDataAppTests.xctest */ = {isa = PBXFileReference; explicitFileType = wrapper.cfbundle; includeInIndex = 0; path = SampleCoreDataAppTests.xctest; sourceTree = BUILT_PRODUCTS_DIR; };
		BBEB444D197F88B400B021EC /* XCTest.framework */ = {isa = PBXFileReference; lastKnownFileType = wrapper.framework; name = XCTest.framework; path = Library/Frameworks/XCTest.framework; sourceTree = DEVELOPER_DIR; };
		BBEB4455197F88B400B021EC /* SampleCoreDataAppTests-Info.plist */ = {isa = PBXFileReference; lastKnownFileType = text.plist.xml; path = "SampleCoreDataAppTests-Info.plist"; sourceTree = "<group>"; };
		BBEB4457197F88B400B021EC /* en */ = {isa = PBXFileReference; lastKnownFileType = text.plist.strings; name = en; path = en.lproj/InfoPlist.strings; sourceTree = "<group>"; };
		BBEB4459197F88B400B021EC /* SampleCoreDataAppTests.m */ = {isa = PBXFileReference; lastKnownFileType = sourcecode.c.objc; path = SampleCoreDataAppTests.m; sourceTree = "<group>"; };
/* End PBXFileReference section */

/* Begin PBXFrameworksBuildPhase section */
		BBEB4428197F88B300B021EC /* Frameworks */ = {
			isa = PBXFrameworksBuildPhase;
			buildActionMask = 2147483647;
			files = (
				BBEB4431197F88B300B021EC /* CoreGraphics.framework in Frameworks */,
				BBEB4433197F88B300B021EC /* UIKit.framework in Frameworks */,
				BBEB442F197F88B300B021EC /* Foundation.framework in Frameworks */,
			);
			runOnlyForDeploymentPostprocessing = 0;
		};
		BBEB4449197F88B400B021EC /* Frameworks */ = {
			isa = PBXFrameworksBuildPhase;
			buildActionMask = 2147483647;
			files = (
				BBEB444E197F88B400B021EC /* XCTest.framework in Frameworks */,
				BBEB4450197F88B400B021EC /* UIKit.framework in Frameworks */,
				BBEB444F197F88B400B021EC /* Foundation.framework in Frameworks */,
			);
			runOnlyForDeploymentPostprocessing = 0;
		};
/* End PBXFrameworksBuildPhase section */

/* Begin PBXGroup section */
		BBEB4422197F88B300B021EC = {
			isa = PBXGroup;
			children = (
				BBEB4434197F88B300B021EC /* SampleCoreDataApp */,
				BBEB4453197F88B400B021EC /* SampleCoreDataAppTests */,
				BBEB442D197F88B300B021EC /* Frameworks */,
				BBEB442C197F88B300B021EC /* Products */,
			);
			sourceTree = "<group>";
		};
		BBEB442C197F88B300B021EC /* Products */ = {
			isa = PBXGroup;
			children = (
				BBEB442B197F88B300B021EC /* SampleCoreDataApp.app */,
				BBEB444C197F88B400B021EC /* SampleCoreDataAppTests.xctest */,
			);
			name = Products;
			sourceTree = "<group>";
		};
		BBEB442D197F88B300B021EC /* Frameworks */ = {
			isa = PBXGroup;
			children = (
				BBEB442E197F88B300B021EC /* Foundation.framework */,
				BBEB4430197F88B300B021EC /* CoreGraphics.framework */,
				BBEB4432197F88B300B021EC /* UIKit.framework */,
				BBEB444D197F88B400B021EC /* XCTest.framework */,
			);
			name = Frameworks;
			sourceTree = "<group>";
		};
		BBEB4434197F88B300B021EC /* SampleCoreDataApp */ = {
			isa = PBXGroup;
			children = (
				BBEB443D197F88B300B021EC /* TGAppDelegate.h */,
				BBEB443E197F88B300B021EC /* TGAppDelegate.m */,
				BBEB4440197F88B300B021EC /* Main.storyboard */,
				BBEB4443197F88B300B021EC /* TGViewController.h */,
				BBEB4444197F88B300B021EC /* TGViewController.m */,
				BBEB4446197F88B300B021EC /* Images.xcassets */,
				BBEB4435197F88B300B021EC /* Supporting Files */,
			);
			path = SampleCoreDataApp;
			sourceTree = "<group>";
		};
		BBEB4435197F88B300B021EC /* Supporting Files */ = {
			isa = PBXGroup;
			children = (
				BBEB4436197F88B300B021EC /* SampleCoreDataApp-Info.plist */,
				BBEB4437197F88B300B021EC /* InfoPlist.strings */,
				BBEB443A197F88B300B021EC /* main.m */,
				BBEB443C197F88B300B021EC /* SampleCoreDataApp-Prefix.pch */,
			);
			name = "Supporting Files";
			sourceTree = "<group>";
		};
		BBEB4453197F88B400B021EC /* SampleCoreDataAppTests */ = {
			isa = PBXGroup;
			children = (
				BBEB4459197F88B400B021EC /* SampleCoreDataAppTests.m */,
				BBEB4454197F88B400B021EC /* Supporting Files */,
			);
			path = SampleCoreDataAppTests;
			sourceTree = "<group>";
		};
		BBEB4454197F88B400B021EC /* Supporting Files */ = {
			isa = PBXGroup;
			children = (
				BBEB4455197F88B400B021EC /* SampleCoreDataAppTests-Info.plist */,
				BBEB4456197F88B400B021EC /* InfoPlist.strings */,
			);
			name = "Supporting Files";
			sourceTree = "<group>";
		};
/* End PBXGroup section */

/* Begin PBXNativeTarget section */
		BBEB442A197F88B300B021EC /* SampleCoreDataApp */ = {
			isa = PBXNativeTarget;
			buildConfigurationList = BBEB445D197F88B400B021EC /* Build configuration list for PBXNativeTarget "SampleCoreDataApp" */;
			buildPhases = (
				BBEB4427197F88B300B021EC /* Sources */,
				BBEB4428197F88B300B021EC /* Frameworks */,
				BBEB4429197F88B300B021EC /* Resources */,
			);
			buildRules = (
			);
			dependencies = (
			);
			name = SampleCoreDataApp;
			productName = SampleCoreDataApp;
			productReference = BBEB442B197F88B300B021EC /* SampleCoreDataApp.app */;
			productType = "com.apple.product-type.application";
		};
		BBEB444B197F88B400B021EC /* SampleCoreDataAppTests */ = {
			isa = PBXNativeTarget;
			buildConfigurationList = BBEB4460197F88B400B021EC /* Build configuration list for PBXNativeTarget "SampleCoreDataAppTests" */;
			buildPhases = (
				BBEB4448197F88B400B021EC /* Sources */,
				BBEB4449197F88B400B021EC /* Frameworks */,
				BBEB444A197F88B400B021EC /* Resources */,
			);
			buildRules = (
			);
			dependencies = (
				BBEB4452197F88B400B021EC /* PBXTargetDependency */,
			);
			name = SampleCoreDataAppTests;
			productName = SampleCoreDataAppTests;
			productReference = BBEB444C197F88B400B021EC /* SampleCoreDataAppTests.xctest */;
			productType = "com.apple.product-type.bundle.unit-test";
		};
/* End PBXNativeTarget section */

/* Begin PBXProject section */
		BBEB4423197F88B300B021EC /* Project object */ = {
			isa = PBXProject;
			attributes = {
				CLASSPREFIX = TG;
				LastUpgradeCheck = 0510;
				ORGANIZATIONNAME = "Tiny Little Gears";
				TargetAttributes = {
					BBEB444B197F88B400B021EC = {
						TestTargetID = BBEB442A197F88B300B021EC;
					};
				};
			};
			buildConfigurationList = BBEB4426197F88B300B021EC /* Build configuration list for PBXProject "SampleCoreDataApp" */;
			compatibilityVersion = "Xcode 3.2";
			developmentRegion = English;
			hasScannedForEncodings = 0;
			knownRegions = (
				en,
				Base,
			);
			mainGroup = BBEB4422197F88B300B021EC;
			productRefGroup = BBEB442C197F88B300B021EC /* Products */;
			projectDirPath = "";
			projectRoot = "";
			targets = (
				BBEB442A197F88B300B021EC /* SampleCoreDataApp */,
				BBEB444B197F88B400B021EC /* SampleCoreDataAppTests */,
			);
		};
/* End PBXProject section */

/* Begin PBXResourcesBuildPhase section */
		BBEB4429197F88B300B021EC /* Resources */ = {
			isa = PBXResourcesBuildPhase;
			buildActionMask = 2147483647;
			files = (
				BBEB4447197F88B300B021EC /* Images.xcassets in Resources */,
				BBEB4439197F88B300B021EC /* InfoPlist.strings in Resources */,
				BBEB4442197F88B300B021EC /* Main.storyboard in Resources */,
			);
			runOnlyForDeploymentPostprocessing = 0;
		};
		BBEB444A197F88B400B021EC /* Resources */ = {
			isa = PBXResourcesBuildPhase;
			buildActionMask = 2147483647;
			files = (
				BBEB4458197F88B400B021EC /* InfoPlist.strings in Resources */,
			);
			runOnlyForDeploymentPostprocessing = 0;
		};
/* End PBXResourcesBuildPhase section */

/* Begin PBXSourcesBuildPhase section */
		BBEB4427197F88B300B021EC /* Sources */ = {
			isa = PBXSourcesBuildPhase;
			buildActionMask = 2147483647;
			files = (
				BBEB4445197F88B300B021EC /* TGViewController.m in Sources */,
				BBEB443B197F88B300B021EC /* main.m in Sources */,
				BBEB443F197F88B300B021EC /* TGAppDelegate.m in Sources */,
			);
			runOnlyForDeploymentPostprocessing = 0;
		};
		BBEB4448197F88B400B021EC /* Sources */ = {
			isa = PBXSourcesBuildPhase;
			buildActionMask = 2147483647;
			files = (
				BBEB445A197F88B400B021EC /* SampleCoreDataAppTests.m in Sources */,
			);
			runOnlyForDeploymentPostprocessing = 0;
		};
/* End PBXSourcesBuildPhase section */

/* Begin PBXTargetDependency section */
		BBEB4452197F88B400B021EC /* PBXTargetDependency */ = {
			isa = PBXTargetDependency;
			target = BBEB442A197F88B300B021EC /* SampleCoreDataApp */;
			targetProxy = BBEB4451197F88B400B021EC /* PBXContainerItemProxy */;
		};
/* End PBXTargetDependency section */

/* Begin PBXVariantGroup section */
		BBEB4437197F88B300B021EC /* InfoPlist.strings */ = {
			isa = PBXVariantGroup;
			children = (
				BBEB4438197F88B300B021EC /* en */,
			);
			name = InfoPlist.strings;
			sourceTree = "<group>";
		};
		BBEB4440197F88B300B021EC /* Main.storyboard */ = {
			isa = PBXVariantGroup;
			children = (
				BBEB4441197F88B300B021EC /* Base */,
			);
			name = Main.storyboard;
			sourceTree = "<group>";
		};
		BBEB4456197F88B400B021EC /* InfoPlist.strings */ = {
			isa = PBXVariantGroup;
			children = (
				BBEB4457197F88B400B021EC /* en */,
			);
			name = InfoPlist.strings;
			sourceTree = "<group>";
		};
/* End PBXVariantGroup section */

/* Begin XCBuildConfiguration section */
		BBEB445B197F88B400B021EC /* Debug */ = {
			isa = XCBuildConfiguration;
			buildSettings = {
				ALWAYS_SEARCH_USER_PATHS = NO;
				CLANG_CXX_LANGUAGE_STANDARD = "gnu++0x";
				CLANG_CXX_LIBRARY = "libc++";
				CLANG_ENABLE_MODULES = YES;
				CLANG_ENABLE_OBJC_ARC = YES;
				CLANG_WARN_BOOL_CONVERSION = YES;
				CLANG_WARN_CONSTANT_CONVERSION = YES;
				CLANG_WARN_DIRECT_OBJC_ISA_USAGE = YES_ERROR;
				CLANG_WARN_EMPTY_BODY = YES;
				CLANG_WARN_ENUM_CONVERSION = YES;
				CLANG_WARN_INT_CONVERSION = YES;
				CLANG_WARN_OBJC_ROOT_CLASS = YES_ERROR;
				CLANG_WARN__DUPLICATE_METHOD_MATCH = YES;
				"CODE_SIGN_IDENTITY[sdk=iphoneos*]" = "iPhone Developer";
				COPY_PHASE_STRIP = NO;
				GCC_C_LANGUAGE_STANDARD = gnu99;
				GCC_DYNAMIC_NO_PIC = NO;
				GCC_OPTIMIZATION_LEVEL = 0;
				GCC_PREPROCESSOR_DEFINITIONS = (
					"DEBUG=1",
					"$(inherited)",
				);
				GCC_SYMBOLS_PRIVATE_EXTERN = NO;
				GCC_WARN_64_TO_32_BIT_CONVERSION = YES;
				GCC_WARN_ABOUT_RETURN_TYPE = YES_ERROR;
				GCC_WARN_UNDECLARED_SELECTOR = YES;
				GCC_WARN_UNINITIALIZED_AUTOS = YES_AGGRESSIVE;
				GCC_WARN_UNUSED_FUNCTION = YES;
				GCC_WARN_UNUSED_VARIABLE = YES;
				IPHONEOS_DEPLOYMENT_TARGET = 7.1;
				ONLY_ACTIVE_ARCH = YES;
				SDKROOT = iphoneos;
			};
			name = Debug;
		};
		BBEB445C197F88B400B021EC /* Release */ = {
			isa = XCBuildConfiguration;
			buildSettings = {
				ALWAYS_SEARCH_USER_PATHS = NO;
				CLANG_CXX_LANGUAGE_STANDARD = "gnu++0x";
				CLANG_CXX_LIBRARY = "libc++";
				CLANG_ENABLE_MODULES = YES;
				CLANG_ENABLE_OBJC_ARC = YES;
				CLANG_WARN_BOOL_CONVERSION = YES;
				CLANG_WARN_CONSTANT_CONVERSION = YES;
				CLANG_WARN_DIRECT_OBJC_ISA_USAGE = YES_ERROR;
				CLANG_WARN_EMPTY_BODY = YES;
				CLANG_WARN_ENUM_CONVERSION = YES;
				CLANG_WARN_INT_CONVERSION = YES;
				CLANG_WARN_OBJC_ROOT_CLASS = YES_ERROR;
				CLANG_WARN__DUPLICATE_METHOD_MATCH = YES;
				"CODE_SIGN_IDENTITY[sdk=iphoneos*]" = "iPhone Developer";
				COPY_PHASE_STRIP = YES;
				ENABLE_NS_ASSERTIONS = NO;
				GCC_C_LANGUAGE_STANDARD = gnu99;
				GCC_WARN_64_TO_32_BIT_CONVERSION = YES;
				GCC_WARN_ABOUT_RETURN_TYPE = YES_ERROR;
				GCC_WARN_UNDECLARED_SELECTOR = YES;
				GCC_WARN_UNINITIALIZED_AUTOS = YES_AGGRESSIVE;
				GCC_WARN_UNUSED_FUNCTION = YES;
				GCC_WARN_UNUSED_VARIABLE = YES;
				IPHONEOS_DEPLOYMENT_TARGET = 7.1;
				SDKROOT = iphoneos;
				VALIDATE_PRODUCT = YES;
			};
			name = Release;
		};
		BBEB445E197F88B400B021EC /* Debug */ = {
			isa = XCBuildConfiguration;
			buildSettings = {
				ASSETCATALOG_COMPILER_APPICON_NAME = AppIcon;
				ASSETCATALOG_COMPILER_LAUNCHIMAGE_NAME = LaunchImage;
				GCC_PRECOMPILE_PREFIX_HEADER = YES;
				GCC_PREFIX_HEADER = "SampleCoreDataApp/SampleCoreDataApp-Prefix.pch";
				INFOPLIST_FILE = "SampleCoreDataApp/SampleCoreDataApp-Info.plist";
				PRODUCT_NAME = "$(TARGET_NAME)";
				WRAPPER_EXTENSION = app;
			};
			name = Debug;
		};
		BBEB445F197F88B400B021EC /* Release */ = {
			isa = XCBuildConfiguration;
			buildSettings = {
				ASSETCATALOG_COMPILER_APPICON_NAME = AppIcon;
				ASSETCATALOG_COMPILER_LAUNCHIMAGE_NAME = LaunchImage;
				GCC_PRECOMPILE_PREFIX_HEADER = YES;
				GCC_PREFIX_HEADER = "SampleCoreDataApp/SampleCoreDataApp-Prefix.pch";
				INFOPLIST_FILE = "SampleCoreDataApp/SampleCoreDataApp-Info.plist";
				PRODUCT_NAME = "$(TARGET_NAME)";
				WRAPPER_EXTENSION = app;
			};
			name = Release;
		};
		BBEB4461197F88B400B021EC /* Debug */ = {
			isa = XCBuildConfiguration;
			buildSettings = {
				BUNDLE_LOADER = "$(BUILT_PRODUCTS_DIR)/SampleCoreDataApp.app/SampleCoreDataApp";
				FRAMEWORK_SEARCH_PATHS = (
					"$(SDKROOT)/Developer/Library/Frameworks",
					"$(inherited)",
					"$(DEVELOPER_FRAMEWORKS_DIR)",
				);
				GCC_PRECOMPILE_PREFIX_HEADER = YES;
				GCC_PREFIX_HEADER = "SampleCoreDataApp/SampleCoreDataApp-Prefix.pch";
				GCC_PREPROCESSOR_DEFINITIONS = (
					"DEBUG=1",
					"$(inherited)",
				);
				INFOPLIST_FILE = "SampleCoreDataAppTests/SampleCoreDataAppTests-Info.plist";
				PRODUCT_NAME = "$(TARGET_NAME)";
				TEST_HOST = "$(BUNDLE_LOADER)";
				WRAPPER_EXTENSION = xctest;
			};
			name = Debug;
		};
		BBEB4462197F88B400B021EC /* Release */ = {
			isa = XCBuildConfiguration;
			buildSettings = {
				BUNDLE_LOADER = "$(BUILT_PRODUCTS_DIR)/SampleCoreDataApp.app/SampleCoreDataApp";
				FRAMEWORK_SEARCH_PATHS = (
					"$(SDKROOT)/Developer/Library/Frameworks",
					"$(inherited)",
					"$(DEVELOPER_FRAMEWORKS_DIR)",
				);
				GCC_PRECOMPILE_PREFIX_HEADER = YES;
				GCC_PREFIX_HEADER = "SampleCoreDataApp/SampleCoreDataApp-Prefix.pch";
				INFOPLIST_FILE = "SampleCoreDataAppTests/SampleCoreDataAppTests-Info.plist";
				PRODUCT_NAME = "$(TARGET_NAME)";
				TEST_HOST = "$(BUNDLE_LOADER)";
				WRAPPER_EXTENSION = xctest;
			};
			name = Release;
		};
/* End XCBuildConfiguration section */

/* Begin XCConfigurationList section */
		BBEB4426197F88B300B021EC /* Build configuration list for PBXProject "SampleCoreDataApp" */ = {
			isa = XCConfigurationList;
			buildConfigurations = (
				BBEB445B197F88B400B021EC /* Debug */,
				BBEB445C197F88B400B021EC /* Release */,
			);
			defaultConfigurationIsVisible = 0;
			defaultConfigurationName = Release;
		};
		BBEB445D197F88B400B021EC /* Build configuration list for PBXNativeTarget "SampleCoreDataApp" */ = {
			isa = XCConfigurationList;
			buildConfigurations = (
				BBEB445E197F88B400B021EC /* Debug */,
				BBEB445F197F88B400B021EC /* Release */,
			);
			defaultConfigurationIsVisible = 0;
		};
		BBEB4460197F88B400B021EC /* Build configuration list for PBXNativeTarget "SampleCoreDataAppTests" */ = {
			isa = XCConfigurationList;
			buildConfigurations = (
				BBEB4461197F88B400B021EC /* Debug */,
				BBEB4462197F88B400B021EC /* Release */,
			);
			defaultConfigurationIsVisible = 0;
		};
/* End XCConfigurationList section */
	};
	rootObject = BBEB4423197F88B300B021EC /* Project object */;
}
